
Microsoft Visual Studio Solution File, Format Version 12.00
Project("{2150E333-8FDC-42A3-9474-1A3956D46DE8}") = "src", "src", "{FBB39320-44FE-4079-8982-06709FFEE879}"
EndProject
Project("{FAE04EC0-301F-11D3-BF4B-00C04F79EFBC}") = "Bankly.Api", "src\Bankly.Api\Bankly.Api.csproj", "{417EB330-5104-4BAF-99B8-23CBB9CC92EA}"
EndProject
Project("{FAE04EC0-301F-11D3-BF4B-00C04F79EFBC}") = "Bankly.Domain", "src\Bankly.Domain\Bankly.Domain.csproj", "{1B3156BD-12A8-4076-ADCE-C74DCA479EAE}"
EndProject
Project("{FAE04EC0-301F-11D3-BF4B-00C04F79EFBC}") = "Bankly.Application", "src\Bankly.Application\Bankly.Application.csproj", "{DE7CC547-6433-4D2C-82D1-57C9DA1DF722}"
EndProject
Project("{FAE04EC0-301F-11D3-BF4B-00C04F79EFBC}") = "Bankly.Infrastructure", "src\Bankly.Infrastructure\Bankly.Infrastructure.csproj", "{D0DE9155-4245-480F-9EF9-2340273B0632}"
EndProject
Project("{2150E333-8FDC-42A3-9474-1A3956D46DE8}") = "Solution Items", "Solution Items", "{1AFD9C36-8E23-49A7-B42E-D6DA111F59B0}"
	ProjectSection(SolutionItems) = preProject
		README.md = README.md
	EndProjectSection
EndProject
Project("{FAE04EC0-301F-11D3-BF4B-00C04F79EFBC}") = "Bankly.Domain.Tests", "src\Bankly.Domain.Tests\Bankly.Domain.Tests.csproj", "{19EAA5DA-D6F0-4A2C-8471-2A281EBF40C9}"
EndProject
Project("{FAE04EC0-301F-11D3-BF4B-00C04F79EFBC}") = "Bankly.Application.Tests", "src\Bankly.Application.Tests\Bankly.Application.Tests.csproj", "{D3C115F4-EFD1-477C-B065-A6C586292E9A}"
EndProject
Global
	GlobalSection(SolutionConfigurationPlatforms) = preSolution
		Debug|Any CPU = Debug|Any CPU
		Debug|x64 = Debug|x64
		Debug|x86 = Debug|x86
		Release|Any CPU = Release|Any CPU
		Release|x64 = Release|x64
		Release|x86 = Release|x86
	EndGlobalSection
	GlobalSection(ProjectConfigurationPlatforms) = postSolution
		{417EB330-5104-4BAF-99B8-23CBB9CC92EA}.Debug|Any CPU.ActiveCfg = Debug|Any CPU
		{417EB330-5104-4BAF-99B8-23CBB9CC92EA}.Debug|Any CPU.Build.0 = Debug|Any CPU
		{417EB330-5104-4BAF-99B8-23CBB9CC92EA}.Debug|x64.ActiveCfg = Debug|Any CPU
		{417EB330-5104-4BAF-99B8-23CBB9CC92EA}.Debug|x64.Build.0 = Debug|Any CPU
		{417EB330-5104-4BAF-99B8-23CBB9CC92EA}.Debug|x86.ActiveCfg = Debug|Any CPU
		{417EB330-5104-4BAF-99B8-23CBB9CC92EA}.Debug|x86.Build.0 = Debug|Any CPU
		{417EB330-5104-4BAF-99B8-23CBB9CC92EA}.Release|Any CPU.ActiveCfg = Release|Any CPU
		{417EB330-5104-4BAF-99B8-23CBB9CC92EA}.Release|Any CPU.Build.0 = Release|Any CPU
		{417EB330-5104-4BAF-99B8-23CBB9CC92EA}.Release|x64.ActiveCfg = Release|Any CPU
		{417EB330-5104-4BAF-99B8-23CBB9CC92EA}.Release|x64.Build.0 = Release|Any CPU
		{417EB330-5104-4BAF-99B8-23CBB9CC92EA}.Release|x86.ActiveCfg = Release|Any CPU
		{417EB330-5104-4BAF-99B8-23CBB9CC92EA}.Release|x86.Build.0 = Release|Any CPU
		{1B3156BD-12A8-4076-ADCE-C74DCA479EAE}.Debug|Any CPU.ActiveCfg = Debug|Any CPU
		{1B3156BD-12A8-4076-ADCE-C74DCA479EAE}.Debug|Any CPU.Build.0 = Debug|Any CPU
		{1B3156BD-12A8-4076-ADCE-C74DCA479EAE}.Debug|x64.ActiveCfg = Debug|Any CPU
		{1B3156BD-12A8-4076-ADCE-C74DCA479EAE}.Debug|x64.Build.0 = Debug|Any CPU
		{1B3156BD-12A8-4076-ADCE-C74DCA479EAE}.Debug|x86.ActiveCfg = Debug|Any CPU
		{1B3156BD-12A8-4076-ADCE-C74DCA479EAE}.Debug|x86.Build.0 = Debug|Any CPU
		{1B3156BD-12A8-4076-ADCE-C74DCA479EAE}.Release|Any CPU.ActiveCfg = Release|Any CPU
		{1B3156BD-12A8-4076-ADCE-C74DCA479EAE}.Release|Any CPU.Build.0 = Release|Any CPU
		{1B3156BD-12A8-4076-ADCE-C74DCA479EAE}.Release|x64.ActiveCfg = Release|Any CPU
		{1B3156BD-12A8-4076-ADCE-C74DCA479EAE}.Release|x64.Build.0 = Release|Any CPU
		{1B3156BD-12A8-4076-ADCE-C74DCA479EAE}.Release|x86.ActiveCfg = Release|Any CPU
		{1B3156BD-12A8-4076-ADCE-C74DCA479EAE}.Release|x86.Build.0 = Release|Any CPU
		{DE7CC547-6433-4D2C-82D1-57C9DA1DF722}.Debug|Any CPU.ActiveCfg = Debug|Any CPU
		{DE7CC547-6433-4D2C-82D1-57C9DA1DF722}.Debug|Any CPU.Build.0 = Debug|Any CPU
		{DE7CC547-6433-4D2C-82D1-57C9DA1DF722}.Debug|x64.ActiveCfg = Debug|Any CPU
		{DE7CC547-6433-4D2C-82D1-57C9DA1DF722}.Debug|x64.Build.0 = Debug|Any CPU
		{DE7CC547-6433-4D2C-82D1-57C9DA1DF722}.Debug|x86.ActiveCfg = Debug|Any CPU
		{DE7CC547-6433-4D2C-82D1-57C9DA1DF722}.Debug|x86.Build.0 = Debug|Any CPU
		{DE7CC547-6433-4D2C-82D1-57C9DA1DF722}.Release|Any CPU.ActiveCfg = Release|Any CPU
		{DE7CC547-6433-4D2C-82D1-57C9DA1DF722}.Release|Any CPU.Build.0 = Release|Any CPU
		{DE7CC547-6433-4D2C-82D1-57C9DA1DF722}.Release|x64.ActiveCfg = Release|Any CPU
		{DE7CC547-6433-4D2C-82D1-57C9DA1DF722}.Release|x64.Build.0 = Release|Any CPU
		{DE7CC547-6433-4D2C-82D1-57C9DA1DF722}.Release|x86.ActiveCfg = Release|Any CPU
		{DE7CC547-6433-4D2C-82D1-57C9DA1DF722}.Release|x86.Build.0 = Release|Any CPU
		{D0DE9155-4245-480F-9EF9-2340273B0632}.Debug|Any CPU.ActiveCfg = Debug|Any CPU
		{D0DE9155-4245-480F-9EF9-2340273B0632}.Debug|Any CPU.Build.0 = Debug|Any CPU
		{D0DE9155-4245-480F-9EF9-2340273B0632}.Debug|x64.ActiveCfg = Debug|Any CPU
		{D0DE9155-4245-480F-9EF9-2340273B0632}.Debug|x64.Build.0 = Debug|Any CPU
		{D0DE9155-4245-480F-9EF9-2340273B0632}.Debug|x86.ActiveCfg = Debug|Any CPU
		{D0DE9155-4245-480F-9EF9-2340273B0632}.Debug|x86.Build.0 = Debug|Any CPU
		{D0DE9155-4245-480F-9EF9-2340273B0632}.Release|Any CPU.ActiveCfg = Release|Any CPU
		{D0DE9155-4245-480F-9EF9-2340273B0632}.Release|Any CPU.Build.0 = Release|Any CPU
		{D0DE9155-4245-480F-9EF9-2340273B0632}.Release|x64.ActiveCfg = Release|Any CPU
		{D0DE9155-4245-480F-9EF9-2340273B0632}.Release|x64.Build.0 = Release|Any CPU
		{D0DE9155-4245-480F-9EF9-2340273B0632}.Release|x86.ActiveCfg = Release|Any CPU
		{D0DE9155-4245-480F-9EF9-2340273B0632}.Release|x86.Build.0 = Release|Any CPU
		{19EAA5DA-D6F0-4A2C-8471-2A281EBF40C9}.Debug|Any CPU.ActiveCfg = Debug|Any CPU
		{19EAA5DA-D6F0-4A2C-8471-2A281EBF40C9}.Debug|Any CPU.Build.0 = Debug|Any CPU
		{19EAA5DA-D6F0-4A2C-8471-2A281EBF40C9}.Debug|x64.ActiveCfg = Debug|Any CPU
		{19EAA5DA-D6F0-4A2C-8471-2A281EBF40C9}.Debug|x64.Build.0 = Debug|Any CPU
		{19EAA5DA-D6F0-4A2C-8471-2A281EBF40C9}.Debug|x86.ActiveCfg = Debug|Any CPU
		{19EAA5DA-D6F0-4A2C-8471-2A281EBF40C9}.Debug|x86.Build.0 = Debug|Any CPU
		{19EAA5DA-D6F0-4A2C-8471-2A281EBF40C9}.Release|Any CPU.ActiveCfg = Release|Any CPU
		{19EAA5DA-D6F0-4A2C-8471-2A281EBF40C9}.Release|Any CPU.Build.0 = Release|Any CPU
		{19EAA5DA-D6F0-4A2C-8471-2A281EBF40C9}.Release|x64.ActiveCfg = Release|Any CPU
		{19EAA5DA-D6F0-4A2C-8471-2A281EBF40C9}.Release|x64.Build.0 = Release|Any CPU
		{19EAA5DA-D6F0-4A2C-8471-2A281EBF40C9}.Release|x86.ActiveCfg = Release|Any CPU
		{19EAA5DA-D6F0-4A2C-8471-2A281EBF40C9}.Release|x86.Build.0 = Release|Any CPU
		{D3C115F4-EFD1-477C-B065-A6C586292E9A}.Debug|Any CPU.ActiveCfg = Debug|Any CPU
		{D3C115F4-EFD1-477C-B065-A6C586292E9A}.Debug|Any CPU.Build.0 = Debug|Any CPU
		{D3C115F4-EFD1-477C-B065-A6C586292E9A}.Debug|x64.ActiveCfg = Debug|Any CPU
		{D3C115F4-EFD1-477C-B065-A6C586292E9A}.Debug|x64.Build.0 = Debug|Any CPU
		{D3C115F4-EFD1-477C-B065-A6C586292E9A}.Debug|x86.ActiveCfg = Debug|Any CPU
		{D3C115F4-EFD1-477C-B065-A6C586292E9A}.Debug|x86.Build.0 = Debug|Any CPU
		{D3C115F4-EFD1-477C-B065-A6C586292E9A}.Release|Any CPU.ActiveCfg = Release|Any CPU
		{D3C115F4-EFD1-477C-B065-A6C586292E9A}.Release|Any CPU.Build.0 = Release|Any CPU
		{D3C115F4-EFD1-477C-B065-A6C586292E9A}.Release|x64.ActiveCfg = Release|Any CPU
		{D3C115F4-EFD1-477C-B065-A6C586292E9A}.Release|x64.Build.0 = Release|Any CPU
		{D3C115F4-EFD1-477C-B065-A6C586292E9A}.Release|x86.ActiveCfg = Release|Any CPU
		{D3C115F4-EFD1-477C-B065-A6C586292E9A}.Release|x86.Build.0 = Release|Any CPU
	EndGlobalSection
	GlobalSection(SolutionProperties) = preSolution
		HideSolutionNode = FALSE
	EndGlobalSection
	GlobalSection(NestedProjects) = preSolution
		{417EB330-5104-4BAF-99B8-23CBB9CC92EA} = {FBB39320-44FE-4079-8982-06709FFEE879}
		{1B3156BD-12A8-4076-ADCE-C74DCA479EAE} = {FBB39320-44FE-4079-8982-06709FFEE879}
		{DE7CC547-6433-4D2C-82D1-57C9DA1DF722} = {FBB39320-44FE-4079-8982-06709FFEE879}
		{D0DE9155-4245-480F-9EF9-2340273B0632} = {FBB39320-44FE-4079-8982-06709FFEE879}
		{19EAA5DA-D6F0-4A2C-8471-2A281EBF40C9} = {FBB39320-44FE-4079-8982-06709FFEE879}
		{D3C115F4-EFD1-477C-B065-A6C586292E9A} = {FBB39320-44FE-4079-8982-06709FFEE879}
	EndGlobalSection
EndGlobal
